// !$*UTF8*$!
{
	archiveVersion = 1;
	classes = {
	};
	objectVersion = 50;
	objects = {

/* Begin PBXBuildFile section */
		B44B5FD527B4E18D007AF8C1 /* Getting_Into_ShapesApp.swift in Sources */ = {isa = PBXBuildFile; fileRef = B44B5FD427B4E18D007AF8C1 /* Getting_Into_ShapesApp.swift */; };
		B44B5FD727B4E18D007AF8C1 /* ContentView.swift in Sources */ = {isa = PBXBuildFile; fileRef = B44B5FD627B4E18D007AF8C1 /* ContentView.swift */; };
		B44B5FD927B4E191007AF8C1 /* Assets.xcassets in Resources */ = {isa = PBXBuildFile; fileRef = B44B5FD827B4E191007AF8C1 /* Assets.xcassets */; };
		B44B5FDC27B4E191007AF8C1 /* Preview Assets.xcassets in Resources */ = {isa = PBXBuildFile; fileRef = B44B5FDB27B4E191007AF8C1 /* Preview Assets.xcassets */; };
		B44B5FE627B5EAFB007AF8C1 /* ShapeCanvas.swift in Sources */ = {isa = PBXBuildFile; fileRef = B44B5FE527B5EAFB007AF8C1 /* ShapeCanvas.swift */; };
		B44B5FE927B5FDB1007AF8C1 /* InteractableShape.swift in Sources */ = {isa = PBXBuildFile; fileRef = B44B5FE827B5FDB1007AF8C1 /* InteractableShape.swift */; };
		B44B5FEE27B60ADF007AF8C1 /* DrawableShape.swift in Sources */ = {isa = PBXBuildFile; fileRef = B44B5FED27B60ADF007AF8C1 /* DrawableShape.swift */; };
		B44B5FF327B60D71007AF8C1 /* ShapeCanvasViewModel.swift in Sources */ = {isa = PBXBuildFile; fileRef = B44B5FF227B60D71007AF8C1 /* ShapeCanvasViewModel.swift */; };
		B44B5FF727B617EF007AF8C1 /* AnyShape.swift in Sources */ = {isa = PBXBuildFile; fileRef = B44B5FF627B617EF007AF8C1 /* AnyShape.swift */; };
		B46D608C27B667DC0052ED8D /* Triangle.swift in Sources */ = {isa = PBXBuildFile; fileRef = B46D608B27B667DC0052ED8D /* Triangle.swift */; };
		B46D608F27B669040052ED8D /* Hexagon.swift in Sources */ = {isa = PBXBuildFile; fileRef = B46D608E27B669040052ED8D /* Hexagon.swift */; };
		B46D609227B669B40052ED8D /* Trapezoid.swift in Sources */ = {isa = PBXBuildFile; fileRef = B46D609127B669B40052ED8D /* Trapezoid.swift */; };
		B46E133627B742C600265663 /* PacmanShape.swift in Sources */ = {isa = PBXBuildFile; fileRef = B46E133527B742C600265663 /* PacmanShape.swift */; };
		B4A175BE27B8CD600049D3F8 /* ShapeToolbar.swift in Sources */ = {isa = PBXBuildFile; fileRef = B4A175BD27B8CD600049D3F8 /* ShapeToolbar.swift */; };
/* End PBXBuildFile section */

/* Begin PBXFileReference section */
		B44B5FD127B4E18D007AF8C1 /* Getting Into Shapes.app */ = {isa = PBXFileReference; explicitFileType = wrapper.application; includeInIndex = 0; path = "Getting Into Shapes.app"; sourceTree = BUILT_PRODUCTS_DIR; };
		B44B5FD427B4E18D007AF8C1 /* Getting_Into_ShapesApp.swift */ = {isa = PBXFileReference; lastKnownFileType = sourcecode.swift; path = Getting_Into_ShapesApp.swift; sourceTree = "<group>"; };
		B44B5FD627B4E18D007AF8C1 /* ContentView.swift */ = {isa = PBXFileReference; lastKnownFileType = sourcecode.swift; path = ContentView.swift; sourceTree = "<group>"; };
		B44B5FD827B4E191007AF8C1 /* Assets.xcassets */ = {isa = PBXFileReference; lastKnownFileType = folder.assetcatalog; path = Assets.xcassets; sourceTree = "<group>"; };
		B44B5FDB27B4E191007AF8C1 /* Preview Assets.xcassets */ = {isa = PBXFileReference; lastKnownFileType = folder.assetcatalog; path = "Preview Assets.xcassets"; sourceTree = "<group>"; };
		B44B5FDD27B4E191007AF8C1 /* Info.plist */ = {isa = PBXFileReference; lastKnownFileType = text.plist.xml; path = Info.plist; sourceTree = "<group>"; };
		B44B5FE527B5EAFB007AF8C1 /* ShapeCanvas.swift */ = {isa = PBXFileReference; lastKnownFileType = sourcecode.swift; path = ShapeCanvas.swift; sourceTree = "<group>"; };
		B44B5FE827B5FDB1007AF8C1 /* InteractableShape.swift */ = {isa = PBXFileReference; lastKnownFileType = sourcecode.swift; path = InteractableShape.swift; sourceTree = "<group>"; xcLanguageSpecificationIdentifier = xcode.lang.swift; };
		B44B5FED27B60ADF007AF8C1 /* DrawableShape.swift */ = {isa = PBXFileReference; lastKnownFileType = sourcecode.swift; path = DrawableShape.swift; sourceTree = "<group>"; };
		B44B5FF227B60D71007AF8C1 /* ShapeCanvasViewModel.swift */ = {isa = PBXFileReference; lastKnownFileType = sourcecode.swift; path = ShapeCanvasViewModel.swift; sourceTree = "<group>"; };
		B44B5FF627B617EF007AF8C1 /* AnyShape.swift */ = {isa = PBXFileReference; lastKnownFileType = sourcecode.swift; path = AnyShape.swift; sourceTree = "<group>"; };
		B46D608B27B667DC0052ED8D /* Triangle.swift */ = {isa = PBXFileReference; lastKnownFileType = sourcecode.swift; path = Triangle.swift; sourceTree = "<group>"; };
		B46D608E27B669040052ED8D /* Hexagon.swift */ = {isa = PBXFileReference; lastKnownFileType = sourcecode.swift; path = Hexagon.swift; sourceTree = "<group>"; };
		B46D609127B669B40052ED8D /* Trapezoid.swift */ = {isa = PBXFileReference; lastKnownFileType = sourcecode.swift; path = Trapezoid.swift; sourceTree = "<group>"; };
		B46E133527B742C600265663 /* PacmanShape.swift */ = {isa = PBXFileReference; lastKnownFileType = sourcecode.swift; path = PacmanShape.swift; sourceTree = "<group>"; };
		B4A175BD27B8CD600049D3F8 /* ShapeToolbar.swift */ = {isa = PBXFileReference; lastKnownFileType = sourcecode.swift; path = ShapeToolbar.swift; sourceTree = "<group>"; };
/* End PBXFileReference section */

/* Begin PBXFrameworksBuildPhase section */
		B44B5FCE27B4E18D007AF8C1 /* Frameworks */ = {
			isa = PBXFrameworksBuildPhase;
			buildActionMask = 2147483647;
			files = (
			);
			runOnlyForDeploymentPostprocessing = 0;
		};
/* End PBXFrameworksBuildPhase section */

/* Begin PBXGroup section */
		B44B5FC827B4E18D007AF8C1 = {
			isa = PBXGroup;
			children = (
				B44B5FD327B4E18D007AF8C1 /* Getting Into Shapes */,
				B44B5FD227B4E18D007AF8C1 /* Products */,
			);
			sourceTree = "<group>";
		};
		B44B5FD227B4E18D007AF8C1 /* Products */ = {
			isa = PBXGroup;
			children = (
				B44B5FD127B4E18D007AF8C1 /* Getting Into Shapes.app */,
			);
			name = Products;
			sourceTree = "<group>";
		};
		B44B5FD327B4E18D007AF8C1 /* Getting Into Shapes */ = {
			isa = PBXGroup;
			children = (
				B44B5FD427B4E18D007AF8C1 /* Getting_Into_ShapesApp.swift */,
				B44B5FF127B60D56007AF8C1 /* ViewModels */,
				B44B5FEC27B60AAE007AF8C1 /* Models */,
				B44B5FEB27B60AA0007AF8C1 /* Views */,
				B44B5FD827B4E191007AF8C1 /* Assets.xcassets */,
				B44B5FDD27B4E191007AF8C1 /* Info.plist */,
				B44B5FDA27B4E191007AF8C1 /* Preview Content */,
			);
			path = "Getting Into Shapes";
			sourceTree = "<group>";
		};
		B44B5FDA27B4E191007AF8C1 /* Preview Content */ = {
			isa = PBXGroup;
			children = (
				B44B5FDB27B4E191007AF8C1 /* Preview Assets.xcassets */,
			);
			path = "Preview Content";
			sourceTree = "<group>";
		};
		B44B5FEB27B60AA0007AF8C1 /* Views */ = {
			isa = PBXGroup;
			children = (
				B44B5FD627B4E18D007AF8C1 /* ContentView.swift */,
				B44B5FE527B5EAFB007AF8C1 /* ShapeCanvas.swift */,
				B4A175BD27B8CD600049D3F8 /* ShapeToolbar.swift */,
				B44B5FE827B5FDB1007AF8C1 /* InteractableShape.swift */,
				B44B5FF627B617EF007AF8C1 /* AnyShape.swift */,
				B46D608A27B667B90052ED8D /* Custom Shapes */,
			);
			path = Views;
			sourceTree = "<group>";
		};
		B44B5FEC27B60AAE007AF8C1 /* Models */ = {
			isa = PBXGroup;
			children = (
				B44B5FED27B60ADF007AF8C1 /* DrawableShape.swift */,
			);
			path = Models;
			sourceTree = "<group>";
		};
		B44B5FF127B60D56007AF8C1 /* ViewModels */ = {
			isa = PBXGroup;
			children = (
				B44B5FF227B60D71007AF8C1 /* ShapeCanvasViewModel.swift */,
			);
			path = ViewModels;
			sourceTree = "<group>";
		};
		B46D608A27B667B90052ED8D /* Custom Shapes */ = {
			isa = PBXGroup;
			children = (
				B46D608B27B667DC0052ED8D /* Triangle.swift */,
				B46D608E27B669040052ED8D /* Hexagon.swift */,
				B46D609127B669B40052ED8D /* Trapezoid.swift */,
				B46E133527B742C600265663 /* PacmanShape.swift */,
			);
			path = "Custom Shapes";
			sourceTree = "<group>";
		};
/* End PBXGroup section */

/* Begin PBXNativeTarget section */
		B44B5FD027B4E18D007AF8C1 /* Getting Into Shapes */ = {
			isa = PBXNativeTarget;
			buildConfigurationList = B44B5FE027B4E191007AF8C1 /* Build configuration list for PBXNativeTarget "Getting Into Shapes" */;
			buildPhases = (
				B44B5FCD27B4E18D007AF8C1 /* Sources */,
				B44B5FCE27B4E18D007AF8C1 /* Frameworks */,
				B44B5FCF27B4E18D007AF8C1 /* Resources */,
			);
			buildRules = (
			);
			dependencies = (
			);
			name = "Getting Into Shapes";
			productName = "Getting Into Shapes";
			productReference = B44B5FD127B4E18D007AF8C1 /* Getting Into Shapes.app */;
			productType = "com.apple.product-type.application";
		};
/* End PBXNativeTarget section */

/* Begin PBXProject section */
		B44B5FC927B4E18D007AF8C1 /* Project object */ = {
			isa = PBXProject;
			attributes = {
				LastSwiftUpdateCheck = 1240;
				LastUpgradeCheck = 1240;
				TargetAttributes = {
					B44B5FD027B4E18D007AF8C1 = {
						CreatedOnToolsVersion = 12.4;
					};
				};
			};
			buildConfigurationList = B44B5FCC27B4E18D007AF8C1 /* Build configuration list for PBXProject "Getting Into Shapes" */;
			compatibilityVersion = "Xcode 9.3";
			developmentRegion = en;
			hasScannedForEncodings = 0;
			knownRegions = (
				en,
				Base,
			);
			mainGroup = B44B5FC827B4E18D007AF8C1;
			productRefGroup = B44B5FD227B4E18D007AF8C1 /* Products */;
			projectDirPath = "";
			projectRoot = "";
			targets = (
				B44B5FD027B4E18D007AF8C1 /* Getting Into Shapes */,
			);
		};
/* End PBXProject section */

/* Begin PBXResourcesBuildPhase section */
		B44B5FCF27B4E18D007AF8C1 /* Resources */ = {
			isa = PBXResourcesBuildPhase;
			buildActionMask = 2147483647;
			files = (
				B44B5FDC27B4E191007AF8C1 /* Preview Assets.xcassets in Resources */,
				B44B5FD927B4E191007AF8C1 /* Assets.xcassets in Resources */,
			);
			runOnlyForDeploymentPostprocessing = 0;
		};
/* End PBXResourcesBuildPhase section */

/* Begin PBXSourcesBuildPhase section */
		B44B5FCD27B4E18D007AF8C1 /* Sources */ = {
			isa = PBXSourcesBuildPhase;
			buildActionMask = 2147483647;
			files = (
				B44B5FF327B60D71007AF8C1 /* ShapeCanvasViewModel.swift in Sources */,
				B44B5FEE27B60ADF007AF8C1 /* DrawableShape.swift in Sources */,
				B46D608F27B669040052ED8D /* Hexagon.swift in Sources */,
				B44B5FD727B4E18D007AF8C1 /* ContentView.swift in Sources */,
				B44B5FF727B617EF007AF8C1 /* AnyShape.swift in Sources */,
				B44B5FE927B5FDB1007AF8C1 /* InteractableShape.swift in Sources */,
				B46E133627B742C600265663 /* PacmanShape.swift in Sources */,
				B44B5FD527B4E18D007AF8C1 /* Getting_Into_ShapesApp.swift in Sources */,
				B44B5FE627B5EAFB007AF8C1 /* ShapeCanvas.swift in Sources */,
				B4A175BE27B8CD600049D3F8 /* ShapeToolbar.swift in Sources */,
				B46D608C27B667DC0052ED8D /* Triangle.swift in Sources */,
				B46D609227B669B40052ED8D /* Trapezoid.swift in Sources */,
			);
			runOnlyForDeploymentPostprocessing = 0;
		};
/* End PBXSourcesBuildPhase section */

/* Begin XCBuildConfiguration section */
		B44B5FDE27B4E191007AF8C1 /* Debug */ = {
			isa = XCBuildConfiguration;
			buildSettings = {
				ALWAYS_SEARCH_USER_PATHS = NO;
				CLANG_ANALYZER_NONNULL = YES;
				CLANG_ANALYZER_NUMBER_OBJECT_CONVERSION = YES_AGGRESSIVE;
				CLANG_CXX_LANGUAGE_STANDARD = "gnu++14";
				CLANG_CXX_LIBRARY = "libc++";
				CLANG_ENABLE_MODULES = YES;
				CLANG_ENABLE_OBJC_ARC = YES;
				CLANG_ENABLE_OBJC_WEAK = YES;
				CLANG_WARN_BLOCK_CAPTURE_AUTORELEASING = YES;
				CLANG_WARN_BOOL_CONVERSION = YES;
				CLANG_WARN_COMMA = YES;
				CLANG_WARN_CONSTANT_CONVERSION = YES;
				CLANG_WARN_DEPRECATED_OBJC_IMPLEMENTATIONS = YES;
				CLANG_WARN_DIRECT_OBJC_ISA_USAGE = YES_ERROR;
				CLANG_WARN_DOCUMENTATION_COMMENTS = YES;
				CLANG_WARN_EMPTY_BODY = YES;
				CLANG_WARN_ENUM_CONVERSION = YES;
				CLANG_WARN_INFINITE_RECURSION = YES;
				CLANG_WARN_INT_CONVERSION = YES;
				CLANG_WARN_NON_LITERAL_NULL_CONVERSION = YES;
				CLANG_WARN_OBJC_IMPLICIT_RETAIN_SELF = YES;
				CLANG_WARN_OBJC_LITERAL_CONVERSION = YES;
				CLANG_WARN_OBJC_ROOT_CLASS = YES_ERROR;
				CLANG_WARN_QUOTED_INCLUDE_IN_FRAMEWORK_HEADER = YES;
				CLANG_WARN_RANGE_LOOP_ANALYSIS = YES;
				CLANG_WARN_STRICT_PROTOTYPES = YES;
				CLANG_WARN_SUSPICIOUS_MOVE = YES;
				CLANG_WARN_UNGUARDED_AVAILABILITY = YES_AGGRESSIVE;
				CLANG_WARN_UNREACHABLE_CODE = YES;
				CLANG_WARN__DUPLICATE_METHOD_MATCH = YES;
				COPY_PHASE_STRIP = NO;
				DEBUG_INFORMATION_FORMAT = dwarf;
				ENABLE_STRICT_OBJC_MSGSEND = YES;
				ENABLE_TESTABILITY = YES;
				GCC_C_LANGUAGE_STANDARD = gnu11;
				GCC_DYNAMIC_NO_PIC = NO;
				GCC_NO_COMMON_BLOCKS = YES;
				GCC_OPTIMIZATION_LEVEL = 0;
				GCC_PREPROCESSOR_DEFINITIONS = (
					"DEBUG=1",
					"$(inherited)",
				);
				GCC_WARN_64_TO_32_BIT_CONVERSION = YES;
				GCC_WARN_ABOUT_RETURN_TYPE = YES_ERROR;
				GCC_WARN_UNDECLARED_SELECTOR = YES;
				GCC_WARN_UNINITIALIZED_AUTOS = YES_AGGRESSIVE;
				GCC_WARN_UNUSED_FUNCTION = YES;
				GCC_WARN_UNUSED_VARIABLE = YES;
				IPHONEOS_DEPLOYMENT_TARGET = 14.4;
				MTL_ENABLE_DEBUG_INFO = INCLUDE_SOURCE;
				MTL_FAST_MATH = YES;
				ONLY_ACTIVE_ARCH = YES;
				SDKROOT = iphoneos;
				SWIFT_ACTIVE_COMPILATION_CONDITIONS = DEBUG;
				SWIFT_OPTIMIZATION_LEVEL = "-Onone";
			};
			name = Debug;
		};
		B44B5FDF27B4E191007AF8C1 /* Release */ = {
			isa = XCBuildConfiguration;
			buildSettings = {
				ALWAYS_SEARCH_USER_PATHS = NO;
				CLANG_ANALYZER_NONNULL = YES;
				CLANG_ANALYZER_NUMBER_OBJECT_CONVERSION = YES_AGGRESSIVE;
				CLANG_CXX_LANGUAGE_STANDARD = "gnu++14";
				CLANG_CXX_LIBRARY = "libc++";
				CLANG_ENABLE_MODULES = YES;
				CLANG_ENABLE_OBJC_ARC = YES;
				CLANG_ENABLE_OBJC_WEAK = YES;
				CLANG_WARN_BLOCK_CAPTURE_AUTORELEASING = YES;
				CLANG_WARN_BOOL_CONVERSION = YES;
				CLANG_WARN_COMMA = YES;
				CLANG_WARN_CONSTANT_CONVERSION = YES;
				CLANG_WARN_DEPRECATED_OBJC_IMPLEMENTATIONS = YES;
				CLANG_WARN_DIRECT_OBJC_ISA_USAGE = YES_ERROR;
				CLANG_WARN_DOCUMENTATION_COMMENTS = YES;
				CLANG_WARN_EMPTY_BODY = YES;
				CLANG_WARN_ENUM_CONVERSION = YES;
				CLANG_WARN_INFINITE_RECURSION = YES;
				CLANG_WARN_INT_CONVERSION = YES;
				CLANG_WARN_NON_LITERAL_NULL_CONVERSION = YES;
				CLANG_WARN_OBJC_IMPLICIT_RETAIN_SELF = YES;
				CLANG_WARN_OBJC_LITERAL_CONVERSION = YES;
				CLANG_WARN_OBJC_ROOT_CLASS = YES_ERROR;
				CLANG_WARN_QUOTED_INCLUDE_IN_FRAMEWORK_HEADER = YES;
				CLANG_WARN_RANGE_LOOP_ANALYSIS = YES;
				CLANG_WARN_STRICT_PROTOTYPES = YES;
				CLANG_WARN_SUSPICIOUS_MOVE = YES;
				CLANG_WARN_UNGUARDED_AVAILABILITY = YES_AGGRESSIVE;
				CLANG_WARN_UNREACHABLE_CODE = YES;
				CLANG_WARN__DUPLICATE_METHOD_MATCH = YES;
				COPY_PHASE_STRIP = NO;
				DEBUG_INFORMATION_FORMAT = "dwarf-with-dsym";
				ENABLE_NS_ASSERTIONS = NO;
				ENABLE_STRICT_OBJC_MSGSEND = YES;
				GCC_C_LANGUAGE_STANDARD = gnu11;
				GCC_NO_COMMON_BLOCKS = YES;
				GCC_WARN_64_TO_32_BIT_CONVERSION = YES;
				GCC_WARN_ABOUT_RETURN_TYPE = YES_ERROR;
				GCC_WARN_UNDECLARED_SELECTOR = YES;
				GCC_WARN_UNINITIALIZED_AUTOS = YES_AGGRESSIVE;
				GCC_WARN_UNUSED_FUNCTION = YES;
				GCC_WARN_UNUSED_VARIABLE = YES;
				IPHONEOS_DEPLOYMENT_TARGET = 14.4;
				MTL_ENABLE_DEBUG_INFO = NO;
				MTL_FAST_MATH = YES;
				SDKROOT = iphoneos;
				SWIFT_COMPILATION_MODE = wholemodule;
				SWIFT_OPTIMIZATION_LEVEL = "-O";
				VALIDATE_PRODUCT = YES;
			};
			name = Release;
		};
		B44B5FE127B4E191007AF8C1 /* Debug */ = {
			isa = XCBuildConfiguration;
			buildSettings = {
				ASSETCATALOG_COMPILER_APPICON_NAME = AppIcon;
				ASSETCATALOG_COMPILER_GLOBAL_ACCENT_COLOR_NAME = AccentColor;
				CODE_SIGN_STYLE = Automatic;
				DEVELOPMENT_ASSET_PATHS = "\"Getting Into Shapes/Preview Content\"";
				DEVELOPMENT_TEAM = TFL98GU84W;
				ENABLE_PREVIEWS = YES;
				INFOPLIST_FILE = "Getting Into Shapes/Info.plist";
				IPHONEOS_DEPLOYMENT_TARGET = 14.0;
				LD_RUNPATH_SEARCH_PATHS = (
					"$(inherited)",
					"@executable_path/Frameworks",
				);
				PRODUCT_BUNDLE_IDENTIFIER = "apps.vassallo.christian.Getting-Into-Shapes";
				PRODUCT_NAME = "$(TARGET_NAME)";
				SWIFT_VERSION = 5.0;
				TARGETED_DEVICE_FAMILY = "1,2";
			};
			name = Debug;
		};
		B44B5FE227B4E191007AF8C1 /* Release */ = {
			isa = XCBuildConfiguration;
			buildSettings = {
				ASSETCATALOG_COMPILER_APPICON_NAME = AppIcon;
				ASSETCATALOG_COMPILER_GLOBAL_ACCENT_COLOR_NAME = AccentColor;
				CODE_SIGN_STYLE = Automatic;
				DEVELOPMENT_ASSET_PATHS = "\"Getting Into Shapes/Preview Content\"";
				DEVELOPMENT_TEAM = TFL98GU84W;
				ENABLE_PREVIEWS = YES;
				INFOPLIST_FILE = "Getting Into Shapes/Info.plist";
				IPHONEOS_DEPLOYMENT_TARGET = 14.0;
				LD_RUNPATH_SEARCH_PATHS = (
					"$(inherited)",
					"@executable_path/Frameworks",
				);
				PRODUCT_BUNDLE_IDENTIFIER = "apps.vassallo.christian.Getting-Into-Shapes";
				PRODUCT_NAME = "$(TARGET_NAME)";
				SWIFT_VERSION = 5.0;
				TARGETED_DEVICE_FAMILY = "1,2";
			};
			name = Release;
		};
/* End XCBuildConfiguration section */

/* Begin XCConfigurationList section */
		B44B5FCC27B4E18D007AF8C1 /* Build configuration list for PBXProject "Getting Into Shapes" */ = {
			isa = XCConfigurationList;
			buildConfigurations = (
				B44B5FDE27B4E191007AF8C1 /* Debug */,
				B44B5FDF27B4E191007AF8C1 /* Release */,
			);
			defaultConfigurationIsVisible = 0;
			defaultConfigurationName = Release;
		};
		B44B5FE027B4E191007AF8C1 /* Build configuration list for PBXNativeTarget "Getting Into Shapes" */ = {
			isa = XCConfigurationList;
			buildConfigurations = (
				B44B5FE127B4E191007AF8C1 /* Debug */,
				B44B5FE227B4E191007AF8C1 /* Release */,
			);
			defaultConfigurationIsVisible = 0;
			defaultConfigurationName = Release;
		};
/* End XCConfigurationList section */
	};
	rootObject = B44B5FC927B4E18D007AF8C1 /* Project object */;
}
